
Microsoft Visual Studio Solution File, Format Version 12.00
# Visual Studio Version 17
VisualStudioVersion = 17.9.34607.119
MinimumVisualStudioVersion = 10.0.40219.1
Project("{9A19103F-16F7-4668-BE54-9A1E7A4F7556}") = "MagicalSticks", "MagicalSticks\MagicalSticks.csproj", "{2B35172F-B5DC-40DF-B450-FDEB51B1658B}"
EndProject
Project("{9A19103F-16F7-4668-BE54-9A1E7A4F7556}") = "EqualCandies", "EqualCandies\EqualCandies.csproj", "{82B473C1-99F2-4FBE-BA59-55A5C90C682D}"
EndProject
Project("{9A19103F-16F7-4668-BE54-9A1E7A4F7556}") = "ICPCBalloons", "ICPCBalloons\ICPCBalloons.csproj", "{29D6F898-4E6D-4446-BE78-DC0B0008C296}"
EndProject
Project("{9A19103F-16F7-4668-BE54-9A1E7A4F7556}") = "OddOneOut", "OddOneOut\OddOneOut.csproj", "{C24FF11B-4AF1-4E74-A432-56F7DC91A02F}"
EndProject
Project("{9A19103F-16F7-4668-BE54-9A1E7A4F7556}") = "CollectingCoins", "CollectingCoins\CollectingCoins.csproj", "{5D539CE4-20AC-445F-BF21-3058EE370EF7}"
EndProject
Project("{9A19103F-16F7-4668-BE54-9A1E7A4F7556}") = "Increasing", "Increasing\Increasing.csproj", "{E3B9A750-F282-4B88-A53B-60580099BC2B}"
EndProject
Project("{9A19103F-16F7-4668-BE54-9A1E7A4F7556}") = "MahmoudAndEhabAndTheEvenOddGame", "MahmoudAndEhabAndTheEvenOddGame\MahmoudAndEhabAndTheEvenOddGame.csproj", "{CE992289-1403-4A19-AB48-22E42FEB7B73}"
EndProject
Project("{9A19103F-16F7-4668-BE54-9A1E7A4F7556}") = "LoveStory", "LoveStory\LoveStory.csproj", "{D8072E46-2022-4FDF-BB0D-9416E2976E88}"
EndProject
Project("{9A19103F-16F7-4668-BE54-9A1E7A4F7556}") = "APlusB", "APlusB\APlusB.csproj", "{DBB18842-1FD5-4116-9EED-99402CC0E58E}"
EndProject
Project("{9A19103F-16F7-4668-BE54-9A1E7A4F7556}") = "GiftsFixing", "GiftsFixing\GiftsFixing.csproj", "{4D6C43C7-36F1-4736-9B5D-4779AAB673C4}"
EndProject
Project("{9A19103F-16F7-4668-BE54-9A1E7A4F7556}") = "OrdinaryNumbers", "OrdinaryNumbers\OrdinaryNumbers.csproj", "{4F17A4CF-C3E4-42B6-9C23-629EF4883643}"
EndProject
Project("{9A19103F-16F7-4668-BE54-9A1E7A4F7556}") = "NightAtTheMuseum", "NightAtTheMuseum\NightAtTheMuseum.csproj", "{53C3D8D2-19DF-453A-A9E7-212799CF2CDF}"
EndProject
Project("{9A19103F-16F7-4668-BE54-9A1E7A4F7556}") = "Colourblindness", "Colourblindness\Colourblindness.csproj", "{B9D54D55-53D1-4386-9D81-30AE78116460}"
EndProject
Project("{9A19103F-16F7-4668-BE54-9A1E7A4F7556}") = "GoodKid", "GoodKid\GoodKid.csproj", "{34E23B4F-0F7F-4CFD-BE86-12EFACBBF109}"
EndProject
Project("{9A19103F-16F7-4668-BE54-9A1E7A4F7556}") = "OddSet", "OddSet\OddSet.csproj", "{DCB85712-6727-48EB-A974-124F25AFC282}"
EndProject
Project("{9A19103F-16F7-4668-BE54-9A1E7A4F7556}") = "FafaAndHisCompany", "FafaAndHisCompany\FafaAndHisCompany.csproj", "{FDFB87F4-1E56-45BE-90EB-CF6655294617}"
EndProject
Project("{9A19103F-16F7-4668-BE54-9A1E7A4F7556}") = "ArrayColoring", "ArrayColoring\ArrayColoring.csproj", "{CB6BB7C4-0C95-4B15-B65E-D9030FE9625F}"
EndProject
Project("{9A19103F-16F7-4668-BE54-9A1E7A4F7556}") = "FollowingDirections", "FollowingDirections\FollowingDirections.csproj", "{2C4486CD-D513-42FE-A0FC-268AFD9DF090}"
EndProject
Project("{9A19103F-16F7-4668-BE54-9A1E7A4F7556}") = "CardsForFriends", "CardsForFriends\CardsForFriends.csproj", "{DE67B73B-A0DA-432A-A387-4AC873DE7C47}"
EndProject
Project("{9A19103F-16F7-4668-BE54-9A1E7A4F7556}") = "AddOddOrSubtractEven", "OddOrSubtractEven\AddOddOrSubtractEven.csproj", "{2317D752-DE00-4735-A891-0AFC264A9635}"
EndProject
Project("{FAE04EC0-301F-11D3-BF4B-00C04F79EFBC}") = "AtillasFavoriteProblem", "AtillasFavoriteProblem\AtillasFavoriteProblem.csproj", "{91D57894-7906-4779-A06B-CFCCA96B190B}"
EndProject
Project("{FAE04EC0-301F-11D3-BF4B-00C04F79EFBC}") = "MaximumIncrease", "MaximumIncrease\MaximumIncrease.csproj", "{AA9F0935-80D7-462B-8C95-AE4FE688277E}"
EndProject
Global
	GlobalSection(SolutionConfigurationPlatforms) = preSolution
		Debug|Any CPU = Debug|Any CPU
		Release|Any CPU = Release|Any CPU
	EndGlobalSection
	GlobalSection(ProjectConfigurationPlatforms) = postSolution
		{2B35172F-B5DC-40DF-B450-FDEB51B1658B}.Debug|Any CPU.ActiveCfg = Debug|Any CPU
		{2B35172F-B5DC-40DF-B450-FDEB51B1658B}.Debug|Any CPU.Build.0 = Debug|Any CPU
		{2B35172F-B5DC-40DF-B450-FDEB51B1658B}.Release|Any CPU.ActiveCfg = Release|Any CPU
		{2B35172F-B5DC-40DF-B450-FDEB51B1658B}.Release|Any CPU.Build.0 = Release|Any CPU
		{82B473C1-99F2-4FBE-BA59-55A5C90C682D}.Debug|Any CPU.ActiveCfg = Debug|Any CPU
		{82B473C1-99F2-4FBE-BA59-55A5C90C682D}.Debug|Any CPU.Build.0 = Debug|Any CPU
		{82B473C1-99F2-4FBE-BA59-55A5C90C682D}.Release|Any CPU.ActiveCfg = Release|Any CPU
		{82B473C1-99F2-4FBE-BA59-55A5C90C682D}.Release|Any CPU.Build.0 = Release|Any CPU
		{29D6F898-4E6D-4446-BE78-DC0B0008C296}.Debug|Any CPU.ActiveCfg = Debug|Any CPU
		{29D6F898-4E6D-4446-BE78-DC0B0008C296}.Debug|Any CPU.Build.0 = Debug|Any CPU
		{29D6F898-4E6D-4446-BE78-DC0B0008C296}.Release|Any CPU.ActiveCfg = Release|Any CPU
		{29D6F898-4E6D-4446-BE78-DC0B0008C296}.Release|Any CPU.Build.0 = Release|Any CPU
		{C24FF11B-4AF1-4E74-A432-56F7DC91A02F}.Debug|Any CPU.ActiveCfg = Debug|Any CPU
		{C24FF11B-4AF1-4E74-A432-56F7DC91A02F}.Debug|Any CPU.Build.0 = Debug|Any CPU
		{C24FF11B-4AF1-4E74-A432-56F7DC91A02F}.Release|Any CPU.ActiveCfg = Release|Any CPU
		{C24FF11B-4AF1-4E74-A432-56F7DC91A02F}.Release|Any CPU.Build.0 = Release|Any CPU
		{5D539CE4-20AC-445F-BF21-3058EE370EF7}.Debug|Any CPU.ActiveCfg = Debug|Any CPU
		{5D539CE4-20AC-445F-BF21-3058EE370EF7}.Debug|Any CPU.Build.0 = Debug|Any CPU
		{5D539CE4-20AC-445F-BF21-3058EE370EF7}.Release|Any CPU.ActiveCfg = Release|Any CPU
		{5D539CE4-20AC-445F-BF21-3058EE370EF7}.Release|Any CPU.Build.0 = Release|Any CPU
		{E3B9A750-F282-4B88-A53B-60580099BC2B}.Debug|Any CPU.ActiveCfg = Debug|Any CPU
		{E3B9A750-F282-4B88-A53B-60580099BC2B}.Debug|Any CPU.Build.0 = Debug|Any CPU
		{E3B9A750-F282-4B88-A53B-60580099BC2B}.Release|Any CPU.ActiveCfg = Release|Any CPU
		{E3B9A750-F282-4B88-A53B-60580099BC2B}.Release|Any CPU.Build.0 = Release|Any CPU
		{CE992289-1403-4A19-AB48-22E42FEB7B73}.Debug|Any CPU.ActiveCfg = Debug|Any CPU
		{CE992289-1403-4A19-AB48-22E42FEB7B73}.Debug|Any CPU.Build.0 = Debug|Any CPU
		{CE992289-1403-4A19-AB48-22E42FEB7B73}.Release|Any CPU.ActiveCfg = Release|Any CPU
		{CE992289-1403-4A19-AB48-22E42FEB7B73}.Release|Any CPU.Build.0 = Release|Any CPU
		{D8072E46-2022-4FDF-BB0D-9416E2976E88}.Debug|Any CPU.ActiveCfg = Debug|Any CPU
		{D8072E46-2022-4FDF-BB0D-9416E2976E88}.Debug|Any CPU.Build.0 = Debug|Any CPU
		{D8072E46-2022-4FDF-BB0D-9416E2976E88}.Release|Any CPU.ActiveCfg = Release|Any CPU
		{D8072E46-2022-4FDF-BB0D-9416E2976E88}.Release|Any CPU.Build.0 = Release|Any CPU
		{DBB18842-1FD5-4116-9EED-99402CC0E58E}.Debug|Any CPU.ActiveCfg = Debug|Any CPU
		{DBB18842-1FD5-4116-9EED-99402CC0E58E}.Debug|Any CPU.Build.0 = Debug|Any CPU
		{DBB18842-1FD5-4116-9EED-99402CC0E58E}.Release|Any CPU.ActiveCfg = Release|Any CPU
		{DBB18842-1FD5-4116-9EED-99402CC0E58E}.Release|Any CPU.Build.0 = Release|Any CPU
		{4D6C43C7-36F1-4736-9B5D-4779AAB673C4}.Debug|Any CPU.ActiveCfg = Debug|Any CPU
		{4D6C43C7-36F1-4736-9B5D-4779AAB673C4}.Debug|Any CPU.Build.0 = Debug|Any CPU
		{4D6C43C7-36F1-4736-9B5D-4779AAB673C4}.Release|Any CPU.ActiveCfg = Release|Any CPU
		{4D6C43C7-36F1-4736-9B5D-4779AAB673C4}.Release|Any CPU.Build.0 = Release|Any CPU
		{4F17A4CF-C3E4-42B6-9C23-629EF4883643}.Debug|Any CPU.ActiveCfg = Debug|Any CPU
		{4F17A4CF-C3E4-42B6-9C23-629EF4883643}.Debug|Any CPU.Build.0 = Debug|Any CPU
		{4F17A4CF-C3E4-42B6-9C23-629EF4883643}.Release|Any CPU.ActiveCfg = Release|Any CPU
		{4F17A4CF-C3E4-42B6-9C23-629EF4883643}.Release|Any CPU.Build.0 = Release|Any CPU
		{53C3D8D2-19DF-453A-A9E7-212799CF2CDF}.Debug|Any CPU.ActiveCfg = Debug|Any CPU
		{53C3D8D2-19DF-453A-A9E7-212799CF2CDF}.Debug|Any CPU.Build.0 = Debug|Any CPU
		{53C3D8D2-19DF-453A-A9E7-212799CF2CDF}.Release|Any CPU.ActiveCfg = Release|Any CPU
		{53C3D8D2-19DF-453A-A9E7-212799CF2CDF}.Release|Any CPU.Build.0 = Release|Any CPU
		{B9D54D55-53D1-4386-9D81-30AE78116460}.Debug|Any CPU.ActiveCfg = Debug|Any CPU
		{B9D54D55-53D1-4386-9D81-30AE78116460}.Debug|Any CPU.Build.0 = Debug|Any CPU
		{B9D54D55-53D1-4386-9D81-30AE78116460}.Release|Any CPU.ActiveCfg = Release|Any CPU
		{B9D54D55-53D1-4386-9D81-30AE78116460}.Release|Any CPU.Build.0 = Release|Any CPU
		{34E23B4F-0F7F-4CFD-BE86-12EFACBBF109}.Debug|Any CPU.ActiveCfg = Debug|Any CPU
		{34E23B4F-0F7F-4CFD-BE86-12EFACBBF109}.Debug|Any CPU.Build.0 = Debug|Any CPU
		{34E23B4F-0F7F-4CFD-BE86-12EFACBBF109}.Release|Any CPU.ActiveCfg = Release|Any CPU
		{34E23B4F-0F7F-4CFD-BE86-12EFACBBF109}.Release|Any CPU.Build.0 = Release|Any CPU
		{DCB85712-6727-48EB-A974-124F25AFC282}.Debug|Any CPU.ActiveCfg = Debug|Any CPU
		{DCB85712-6727-48EB-A974-124F25AFC282}.Debug|Any CPU.Build.0 = Debug|Any CPU
		{DCB85712-6727-48EB-A974-124F25AFC282}.Release|Any CPU.ActiveCfg = Release|Any CPU
		{DCB85712-6727-48EB-A974-124F25AFC282}.Release|Any CPU.Build.0 = Release|Any CPU
		{FDFB87F4-1E56-45BE-90EB-CF6655294617}.Debug|Any CPU.ActiveCfg = Debug|Any CPU
		{FDFB87F4-1E56-45BE-90EB-CF6655294617}.Debug|Any CPU.Build.0 = Debug|Any CPU
		{FDFB87F4-1E56-45BE-90EB-CF6655294617}.Release|Any CPU.ActiveCfg = Release|Any CPU
		{FDFB87F4-1E56-45BE-90EB-CF6655294617}.Release|Any CPU.Build.0 = Release|Any CPU
		{CB6BB7C4-0C95-4B15-B65E-D9030FE9625F}.Debug|Any CPU.ActiveCfg = Debug|Any CPU
		{CB6BB7C4-0C95-4B15-B65E-D9030FE9625F}.Debug|Any CPU.Build.0 = Debug|Any CPU
		{CB6BB7C4-0C95-4B15-B65E-D9030FE9625F}.Release|Any CPU.ActiveCfg = Release|Any CPU
		{CB6BB7C4-0C95-4B15-B65E-D9030FE9625F}.Release|Any CPU.Build.0 = Release|Any CPU
		{2C4486CD-D513-42FE-A0FC-268AFD9DF090}.Debug|Any CPU.ActiveCfg = Debug|Any CPU
		{2C4486CD-D513-42FE-A0FC-268AFD9DF090}.Debug|Any CPU.Build.0 = Debug|Any CPU
		{2C4486CD-D513-42FE-A0FC-268AFD9DF090}.Release|Any CPU.ActiveCfg = Release|Any CPU
		{2C4486CD-D513-42FE-A0FC-268AFD9DF090}.Release|Any CPU.Build.0 = Release|Any CPU
		{DE67B73B-A0DA-432A-A387-4AC873DE7C47}.Debug|Any CPU.ActiveCfg = Debug|Any CPU
		{DE67B73B-A0DA-432A-A387-4AC873DE7C47}.Debug|Any CPU.Build.0 = Debug|Any CPU
		{DE67B73B-A0DA-432A-A387-4AC873DE7C47}.Release|Any CPU.ActiveCfg = Release|Any CPU
		{DE67B73B-A0DA-432A-A387-4AC873DE7C47}.Release|Any CPU.Build.0 = Release|Any CPU
		{2317D752-DE00-4735-A891-0AFC264A9635}.Debug|Any CPU.ActiveCfg = Debug|Any CPU
		{2317D752-DE00-4735-A891-0AFC264A9635}.Debug|Any CPU.Build.0 = Debug|Any CPU
		{2317D752-DE00-4735-A891-0AFC264A9635}.Release|Any CPU.ActiveCfg = Release|Any CPU
		{2317D752-DE00-4735-A891-0AFC264A9635}.Release|Any CPU.Build.0 = Release|Any CPU
		{91D57894-7906-4779-A06B-CFCCA96B190B}.Debug|Any CPU.ActiveCfg = Debug|Any CPU
		{91D57894-7906-4779-A06B-CFCCA96B190B}.Debug|Any CPU.Build.0 = Debug|Any CPU
		{91D57894-7906-4779-A06B-CFCCA96B190B}.Release|Any CPU.ActiveCfg = Release|Any CPU
		{91D57894-7906-4779-A06B-CFCCA96B190B}.Release|Any CPU.Build.0 = Release|Any CPU
		{AA9F0935-80D7-462B-8C95-AE4FE688277E}.Debug|Any CPU.ActiveCfg = Debug|Any CPU
		{AA9F0935-80D7-462B-8C95-AE4FE688277E}.Debug|Any CPU.Build.0 = Debug|Any CPU
		{AA9F0935-80D7-462B-8C95-AE4FE688277E}.Release|Any CPU.ActiveCfg = Release|Any CPU
		{AA9F0935-80D7-462B-8C95-AE4FE688277E}.Release|Any CPU.Build.0 = Release|Any CPU
	EndGlobalSection
	GlobalSection(SolutionProperties) = preSolution
		HideSolutionNode = FALSE
	EndGlobalSection
	GlobalSection(ExtensibilityGlobals) = postSolution
		SolutionGuid = {47846062-591D-4E68-8F73-ABDFF1FE7023}
	EndGlobalSection
EndGlobal
